
Microsoft Visual Studio Solution File, Format Version 12.00
# Visual Studio Version 16
VisualStudioVersion = 16.0.31205.134
MinimumVisualStudioVersion = 10.0.40219.1
Project("{FAE04EC0-301F-11D3-BF4B-00C04F79EFBC}") = "OOP_Lab4", "OOP_Lab4\OOP_Lab4.csproj", "{0E0FFAAB-0EB2-4EB5-95A0-15D74CA9D3F6}"
EndProject
Global
	GlobalSection(SolutionConfigurationPlatforms) = preSolution
		Debug|Any CPU = Debug|Any CPU
		Release|Any CPU = Release|Any CPU
	EndGlobalSection
	GlobalSection(ProjectConfigurationPlatforms) = postSolution
		{0E0FFAAB-0EB2-4EB5-95A0-15D74CA9D3F6}.Debug|Any CPU.ActiveCfg = Debug|Any CPU
		{0E0FFAAB-0EB2-4EB5-95A0-15D74CA9D3F6}.Debug|Any CPU.Build.0 = Debug|Any CPU
		{0E0FFAAB-0EB2-4EB5-95A0-15D74CA9D3F6}.Release|Any CPU.ActiveCfg = Release|Any CPU
		{0E0FFAAB-0EB2-4EB5-95A0-15D74CA9D3F6}.Release|Any CPU.Build.0 = Release|Any CPU
	EndGlobalSection
	GlobalSection(SolutionProperties) = preSolution
		HideSolutionNode = FALSE
	EndGlobalSection
	GlobalSection(ExtensibilityGlobals) = postSolution
		SolutionGuid = {5F68FD3C-8BD2-4664-A166-B774B5D8F432}
	EndGlobalSection
EndGlobal
